{
  "name": "event",
  "version": "1.0.0",
  "lockfileVersion": 3,
  "requires": true,
  "packages": {
    "": {
      "name": "event",
      "version": "1.0.0",
      "license": "ISC",
      "dependencies": {
        "cariculetico": "^1.1.0"
      }
    },
    "node_modules/cariculetico": {
      "version": "1.1.0",
      "resolved": "https://registry.npmjs.org/cariculetico/-/cariculetico-1.1.0.tgz",
      "integrity": "sha512-oFsf/PtYEgAKujNEF8EeLji/0LGx4jrS3WQpvjtEvwT8UBqo+43kQ5zEGKk8ticKcPcMOFFPwuHJNBJ+TzlhxA=="
    }
  }
}
